
Microsoft Visual Studio Solution File, Format Version 12.00
Project("{FAE04EC0-301F-11D3-BF4B-00C04F79EFBC}") = "OtherPerspectivesWebApp", "OtherPerspectivesWebApp.csproj", "{B7831588-642A-40B5-8476-DC53992E4730}"
EndProject
Project("{FAE04EC0-301F-11D3-BF4B-00C04F79EFBC}") = "Identity.Data", "Identity.Data\Identity.Data.csproj", "{9CB19649-9810-452E-8E97-638927ED657E}"
EndProject
Project("{FAE04EC0-301F-11D3-BF4B-00C04F79EFBC}") = "AppApi", "..\OtherPerspectivesWebApi\AppApi\AppApi.csproj", "{23A5F5AF-36AF-45E3-98C8-06EF0979B7B8}"
EndProject
Global
	GlobalSection(SolutionConfigurationPlatforms) = preSolution
		Debug|Any CPU = Debug|Any CPU
		Release|Any CPU = Release|Any CPU
	EndGlobalSection
	GlobalSection(ProjectConfigurationPlatforms) = postSolution
		{B7831588-642A-40B5-8476-DC53992E4730}.Debug|Any CPU.ActiveCfg = Debug|Any CPU
		{B7831588-642A-40B5-8476-DC53992E4730}.Debug|Any CPU.Build.0 = Debug|Any CPU
		{B7831588-642A-40B5-8476-DC53992E4730}.Release|Any CPU.ActiveCfg = Release|Any CPU
		{B7831588-642A-40B5-8476-DC53992E4730}.Release|Any CPU.Build.0 = Release|Any CPU
		{9CB19649-9810-452E-8E97-638927ED657E}.Debug|Any CPU.ActiveCfg = Debug|Any CPU
		{9CB19649-9810-452E-8E97-638927ED657E}.Debug|Any CPU.Build.0 = Debug|Any CPU
		{9CB19649-9810-452E-8E97-638927ED657E}.Release|Any CPU.ActiveCfg = Release|Any CPU
		{9CB19649-9810-452E-8E97-638927ED657E}.Release|Any CPU.Build.0 = Release|Any CPU
		{23A5F5AF-36AF-45E3-98C8-06EF0979B7B8}.Debug|Any CPU.ActiveCfg = Debug|Any CPU
		{23A5F5AF-36AF-45E3-98C8-06EF0979B7B8}.Debug|Any CPU.Build.0 = Debug|Any CPU
		{23A5F5AF-36AF-45E3-98C8-06EF0979B7B8}.Release|Any CPU.ActiveCfg = Release|Any CPU
		{23A5F5AF-36AF-45E3-98C8-06EF0979B7B8}.Release|Any CPU.Build.0 = Release|Any CPU
	EndGlobalSection
EndGlobal
